
Microsoft Visual Studio Solution File, Format Version 12.00
# Visual Studio Version 16
VisualStudioVersion = 16.0.30621.155
MinimumVisualStudioVersion = 10.0.40219.1
Project("{FAE04EC0-301F-11D3-BF4B-00C04F79EFBC}") = "TestTask2GIS", "TestTask2GIS\TestTask2GIS.csproj", "{AE79E774-1634-4684-8106-B1FA4FFBB1BE}"
EndProject
Global
	GlobalSection(SolutionConfigurationPlatforms) = preSolution
		Debug|Any CPU = Debug|Any CPU
		Release|Any CPU = Release|Any CPU
	EndGlobalSection
	GlobalSection(ProjectConfigurationPlatforms) = postSolution
		{AE79E774-1634-4684-8106-B1FA4FFBB1BE}.Debug|Any CPU.ActiveCfg = Debug|Any CPU
		{AE79E774-1634-4684-8106-B1FA4FFBB1BE}.Debug|Any CPU.Build.0 = Debug|Any CPU
		{AE79E774-1634-4684-8106-B1FA4FFBB1BE}.Release|Any CPU.ActiveCfg = Release|Any CPU
		{AE79E774-1634-4684-8106-B1FA4FFBB1BE}.Release|Any CPU.Build.0 = Release|Any CPU
	EndGlobalSection
	GlobalSection(SolutionProperties) = preSolution
		HideSolutionNode = FALSE
	EndGlobalSection
	GlobalSection(ExtensibilityGlobals) = postSolution
		SolutionGuid = {D6408999-D583-4888-BAC2-EE6956E1E7A2}
	EndGlobalSection
EndGlobal
